
Microsoft Visual Studio Solution File, Format Version 12.00
# Visual Studio Version 17
VisualStudioVersion = 17.7.34202.233
MinimumVisualStudioVersion = 10.0.40219.1
Project("{FAE04EC0-301F-11D3-BF4B-00C04F79EFBC}") = "AccountManager", "AccountManager\AccountManager.csproj", "{F1448A22-59B4-4536-BCC2-6A189EF631ED}"
EndProject
Global
	GlobalSection(SolutionConfigurationPlatforms) = preSolution
		Debug|Any CPU = Debug|Any CPU
		Release|Any CPU = Release|Any CPU
	EndGlobalSection
	GlobalSection(ProjectConfigurationPlatforms) = postSolution
		{F1448A22-59B4-4536-BCC2-6A189EF631ED}.Debug|Any CPU.ActiveCfg = Debug|Any CPU
		{F1448A22-59B4-4536-BCC2-6A189EF631ED}.Debug|Any CPU.Build.0 = Debug|Any CPU
		{F1448A22-59B4-4536-BCC2-6A189EF631ED}.Release|Any CPU.ActiveCfg = Release|Any CPU
		{F1448A22-59B4-4536-BCC2-6A189EF631ED}.Release|Any CPU.Build.0 = Release|Any CPU
	EndGlobalSection
	GlobalSection(SolutionProperties) = preSolution
		HideSolutionNode = FALSE
	EndGlobalSection
	GlobalSection(ExtensibilityGlobals) = postSolution
		SolutionGuid = {398B1808-B55B-4654-8717-A2EDBC1FA019}
	EndGlobalSection
EndGlobal
